Microsoft Visual Studio Solution File, Format Version 12.00
# Visual Studio Version 17
VisualStudioVersion = 17.5.2.0
MinimumVisualStudioVersion = 10.0.40219.1
Project("{FAE04EC0-301F-11D3-BF4B-00C04F79EFBC}") = "ProjectDawnApi", "ProjectDawnApi.csproj", "{4CE8B3E9-971E-D024-4364-8EA7BE9DEC7D}"
EndProject
Global
	GlobalSection(SolutionConfigurationPlatforms) = preSolution
		Debug|Any CPU = Debug|Any CPU
		Release|Any CPU = Release|Any CPU
	EndGlobalSection
	GlobalSection(ProjectConfigurationPlatforms) = postSolution
		{4CE8B3E9-971E-D024-4364-8EA7BE9DEC7D}.Debug|Any CPU.ActiveCfg = Debug|Any CPU
		{4CE8B3E9-971E-D024-4364-8EA7BE9DEC7D}.Debug|Any CPU.Build.0 = Debug|Any CPU
		{4CE8B3E9-971E-D024-4364-8EA7BE9DEC7D}.Release|Any CPU.ActiveCfg = Release|Any CPU
		{4CE8B3E9-971E-D024-4364-8EA7BE9DEC7D}.Release|Any CPU.Build.0 = Release|Any CPU
	EndGlobalSection
	GlobalSection(SolutionProperties) = preSolution
		HideSolutionNode = FALSE
	EndGlobalSection
	GlobalSection(ExtensibilityGlobals) = postSolution
		SolutionGuid = {0A5B518C-3AB6-41FF-9696-51005A27EF4E}
	EndGlobalSection
EndGlobal
